
Microsoft Visual Studio Solution File, Format Version 12.00
# Visual Studio Version 16
VisualStudioVersion = 16.0.32428.217
MinimumVisualStudioVersion = 10.0.40219.1
Project("{FAE04EC0-301F-11D3-BF4B-00C04F79EFBC}") = "CP_practice", "CP_practice\CP_practice.csproj", "{24047D60-BA20-4342-95FC-17B9976E4AC9}"
EndProject
Global
	GlobalSection(SolutionConfigurationPlatforms) = preSolution
		Debug|Any CPU = Debug|Any CPU
		Release|Any CPU = Release|Any CPU
	EndGlobalSection
	GlobalSection(ProjectConfigurationPlatforms) = postSolution
		{24047D60-BA20-4342-95FC-17B9976E4AC9}.Debug|Any CPU.ActiveCfg = Debug|Any CPU
		{24047D60-BA20-4342-95FC-17B9976E4AC9}.Debug|Any CPU.Build.0 = Debug|Any CPU
		{24047D60-BA20-4342-95FC-17B9976E4AC9}.Release|Any CPU.ActiveCfg = Release|Any CPU
		{24047D60-BA20-4342-95FC-17B9976E4AC9}.Release|Any CPU.Build.0 = Release|Any CPU
	EndGlobalSection
	GlobalSection(SolutionProperties) = preSolution
		HideSolutionNode = FALSE
	EndGlobalSection
	GlobalSection(ExtensibilityGlobals) = postSolution
		SolutionGuid = {C777215C-DB1B-47D8-962E-0D050652920D}
	EndGlobalSection
EndGlobal
